
Microsoft Visual Studio Solution File, Format Version 12.00
# Visual Studio Version 17
VisualStudioVersion = 17.9.34728.123
MinimumVisualStudioVersion = 10.0.40219.1
Project("{FAE04EC0-301F-11D3-BF4B-00C04F79EFBC}") = "RealEstateManagementSystem", "RealEstateManagementSystem\RealEstateManagementSystem.csproj", "{FFEA1791-734E-4E56-A008-D34238666F0A}"
EndProject
Global
	GlobalSection(SolutionConfigurationPlatforms) = preSolution
		Debug|Any CPU = Debug|Any CPU
		Release|Any CPU = Release|Any CPU
	EndGlobalSection
	GlobalSection(ProjectConfigurationPlatforms) = postSolution
		{FFEA1791-734E-4E56-A008-D34238666F0A}.Debug|Any CPU.ActiveCfg = Debug|Any CPU
		{FFEA1791-734E-4E56-A008-D34238666F0A}.Debug|Any CPU.Build.0 = Debug|Any CPU
		{FFEA1791-734E-4E56-A008-D34238666F0A}.Release|Any CPU.ActiveCfg = Release|Any CPU
		{FFEA1791-734E-4E56-A008-D34238666F0A}.Release|Any CPU.Build.0 = Release|Any CPU
	EndGlobalSection
	GlobalSection(SolutionProperties) = preSolution
		HideSolutionNode = FALSE
	EndGlobalSection
	GlobalSection(ExtensibilityGlobals) = postSolution
		SolutionGuid = {069DC599-FB2B-4B8B-9CEB-6EE973986F35}
	EndGlobalSection
EndGlobal
